Microsoft Visual Studio Solution File, Format Version 12.00
# Visual Studio Version 17
VisualStudioVersion = 17.5.2.0
MinimumVisualStudioVersion = 10.0.40219.1
Project("{FAE04EC0-301F-11D3-BF4B-00C04F79EFBC}") = "BMIChecker", "BMIChecker.csproj", "{9904CADA-5DE5-5E06-F843-369C93018617}"
EndProject
Global
	GlobalSection(SolutionConfigurationPlatforms) = preSolution
		Debug|Any CPU = Debug|Any CPU
		Release|Any CPU = Release|Any CPU
	EndGlobalSection
	GlobalSection(ProjectConfigurationPlatforms) = postSolution
		{9904CADA-5DE5-5E06-F843-369C93018617}.Debug|Any CPU.ActiveCfg = Debug|Any CPU
		{9904CADA-5DE5-5E06-F843-369C93018617}.Debug|Any CPU.Build.0 = Debug|Any CPU
		{9904CADA-5DE5-5E06-F843-369C93018617}.Release|Any CPU.ActiveCfg = Release|Any CPU
		{9904CADA-5DE5-5E06-F843-369C93018617}.Release|Any CPU.Build.0 = Release|Any CPU
	EndGlobalSection
	GlobalSection(SolutionProperties) = preSolution
		HideSolutionNode = FALSE
	EndGlobalSection
	GlobalSection(ExtensibilityGlobals) = postSolution
		SolutionGuid = {0E3D0A11-5EDF-4BF2-A0D9-1A550816FB8C}
	EndGlobalSection
EndGlobal
